
Microsoft Visual Studio Solution File, Format Version 12.00
# Visual Studio 15
VisualStudioVersion = 15.0.26403.0
MinimumVisualStudioVersion = 10.0.40219.1
Project("{FAE04EC0-301F-11D3-BF4B-00C04F79EFBC}") = "SCCourtOpinions.Client", "SCCourtOpinions.Client\SCCourtOpinions.Client.csproj", "{608EFD84-100B-4EDE-9DD0-5D47F1E74477}"
EndProject
Project("{FAE04EC0-301F-11D3-BF4B-00C04F79EFBC}") = "SCCourtOpinions.Host", "SCCourtOpinions.Host\SCCourtOpinions.Host.csproj", "{7F367DB3-2548-4CF5-9BFC-C9131C53EF49}"
EndProject
Project("{FAE04EC0-301F-11D3-BF4B-00C04F79EFBC}") = "SCCourtOpinions.Atom", "SCCourtOpinions.Atom\SCCourtOpinions.Atom.csproj", "{F4C0CFF4-60DE-4303-97AF-17E7D57C5F89}"
EndProject
Global
	GlobalSection(SolutionConfigurationPlatforms) = preSolution
		Debug|Any CPU = Debug|Any CPU
		Release|Any CPU = Release|Any CPU
	EndGlobalSection
	GlobalSection(ProjectConfigurationPlatforms) = postSolution
		{608EFD84-100B-4EDE-9DD0-5D47F1E74477}.Debug|Any CPU.ActiveCfg = Debug|Any CPU
		{608EFD84-100B-4EDE-9DD0-5D47F1E74477}.Debug|Any CPU.Build.0 = Debug|Any CPU
		{608EFD84-100B-4EDE-9DD0-5D47F1E74477}.Release|Any CPU.ActiveCfg = Release|Any CPU
		{608EFD84-100B-4EDE-9DD0-5D47F1E74477}.Release|Any CPU.Build.0 = Release|Any CPU
		{7F367DB3-2548-4CF5-9BFC-C9131C53EF49}.Debug|Any CPU.ActiveCfg = Debug|Any CPU
		{7F367DB3-2548-4CF5-9BFC-C9131C53EF49}.Debug|Any CPU.Build.0 = Debug|Any CPU
		{7F367DB3-2548-4CF5-9BFC-C9131C53EF49}.Release|Any CPU.ActiveCfg = Release|Any CPU
		{7F367DB3-2548-4CF5-9BFC-C9131C53EF49}.Release|Any CPU.Build.0 = Release|Any CPU
		{F4C0CFF4-60DE-4303-97AF-17E7D57C5F89}.Debug|Any CPU.ActiveCfg = Debug|Any CPU
		{F4C0CFF4-60DE-4303-97AF-17E7D57C5F89}.Debug|Any CPU.Build.0 = Debug|Any CPU
		{F4C0CFF4-60DE-4303-97AF-17E7D57C5F89}.Release|Any CPU.ActiveCfg = Release|Any CPU
		{F4C0CFF4-60DE-4303-97AF-17E7D57C5F89}.Release|Any CPU.Build.0 = Release|Any CPU
	EndGlobalSection
	GlobalSection(SolutionProperties) = preSolution
		HideSolutionNode = FALSE
	EndGlobalSection
EndGlobal
